
Microsoft Visual Studio Solution File, Format Version 12.00
# Visual Studio 15
VisualStudioVersion = 15.0.28307.852
MinimumVisualStudioVersion = 10.0.40219.1
Project("{FAE04EC0-301F-11D3-BF4B-00C04F79EFBC}") = "0924관리프로그램", "0924관리프로그램\0924관리프로그램.csproj", "{99C1174F-29A4-48AC-9B68-0B6CA69F2C40}"
EndProject
Global
	GlobalSection(SolutionConfigurationPlatforms) = preSolution
		Debug|Any CPU = Debug|Any CPU
		Release|Any CPU = Release|Any CPU
	EndGlobalSection
	GlobalSection(ProjectConfigurationPlatforms) = postSolution
		{99C1174F-29A4-48AC-9B68-0B6CA69F2C40}.Debug|Any CPU.ActiveCfg = Debug|Any CPU
		{99C1174F-29A4-48AC-9B68-0B6CA69F2C40}.Debug|Any CPU.Build.0 = Debug|Any CPU
		{99C1174F-29A4-48AC-9B68-0B6CA69F2C40}.Release|Any CPU.ActiveCfg = Release|Any CPU
		{99C1174F-29A4-48AC-9B68-0B6CA69F2C40}.Release|Any CPU.Build.0 = Release|Any CPU
	EndGlobalSection
	GlobalSection(SolutionProperties) = preSolution
		HideSolutionNode = FALSE
	EndGlobalSection
	GlobalSection(ExtensibilityGlobals) = postSolution
		SolutionGuid = {0E57B93C-D38E-4054-84BE-E865D23C61D9}
	EndGlobalSection
EndGlobal
