
Microsoft Visual Studio Solution File, Format Version 12.00
# Visual Studio 15
VisualStudioVersion = 15.0.28307.852
MinimumVisualStudioVersion = 10.0.40219.1
Project("{FAE04EC0-301F-11D3-BF4B-00C04F79EFBC}") = "0926Collection", "0926Collection\0926Collection.csproj", "{457570D6-F44A-4CBA-AA50-E23F36B5687E}"
EndProject
Global
	GlobalSection(SolutionConfigurationPlatforms) = preSolution
		Debug|Any CPU = Debug|Any CPU
		Release|Any CPU = Release|Any CPU
	EndGlobalSection
	GlobalSection(ProjectConfigurationPlatforms) = postSolution
		{457570D6-F44A-4CBA-AA50-E23F36B5687E}.Debug|Any CPU.ActiveCfg = Debug|Any CPU
		{457570D6-F44A-4CBA-AA50-E23F36B5687E}.Debug|Any CPU.Build.0 = Debug|Any CPU
		{457570D6-F44A-4CBA-AA50-E23F36B5687E}.Release|Any CPU.ActiveCfg = Release|Any CPU
		{457570D6-F44A-4CBA-AA50-E23F36B5687E}.Release|Any CPU.Build.0 = Release|Any CPU
	EndGlobalSection
	GlobalSection(SolutionProperties) = preSolution
		HideSolutionNode = FALSE
	EndGlobalSection
	GlobalSection(ExtensibilityGlobals) = postSolution
		SolutionGuid = {179E74BF-4863-46D2-90B7-08843E739192}
	EndGlobalSection
EndGlobal
