
Microsoft Visual Studio Solution File, Format Version 12.00
# Visual Studio 15
VisualStudioVersion = 15.0.28307.852
MinimumVisualStudioVersion = 10.0.40219.1
Project("{FAE04EC0-301F-11D3-BF4B-00C04F79EFBC}") = "0930WindowsForm", "0930WindowsForm\0930WindowsForm.csproj", "{4484FA4C-185E-47B4-AE90-D5D38DE79049}"
EndProject
Global
	GlobalSection(SolutionConfigurationPlatforms) = preSolution
		Debug|Any CPU = Debug|Any CPU
		Release|Any CPU = Release|Any CPU
	EndGlobalSection
	GlobalSection(ProjectConfigurationPlatforms) = postSolution
		{4484FA4C-185E-47B4-AE90-D5D38DE79049}.Debug|Any CPU.ActiveCfg = Debug|Any CPU
		{4484FA4C-185E-47B4-AE90-D5D38DE79049}.Debug|Any CPU.Build.0 = Debug|Any CPU
		{4484FA4C-185E-47B4-AE90-D5D38DE79049}.Release|Any CPU.ActiveCfg = Release|Any CPU
		{4484FA4C-185E-47B4-AE90-D5D38DE79049}.Release|Any CPU.Build.0 = Release|Any CPU
	EndGlobalSection
	GlobalSection(SolutionProperties) = preSolution
		HideSolutionNode = FALSE
	EndGlobalSection
	GlobalSection(ExtensibilityGlobals) = postSolution
		SolutionGuid = {FE5F4B1F-E09F-40FD-BCB4-D512398627CA}
	EndGlobalSection
EndGlobal
