
Microsoft Visual Studio Solution File, Format Version 12.00
# Visual Studio 15
VisualStudioVersion = 15.0.28307.852
MinimumVisualStudioVersion = 10.0.40219.1
Project("{FAE04EC0-301F-11D3-BF4B-00C04F79EFBC}") = "1029", "1029\1029.csproj", "{2E20576F-DF38-4EFE-A471-1266F3A2A974}"
EndProject
Global
	GlobalSection(SolutionConfigurationPlatforms) = preSolution
		Debug|Any CPU = Debug|Any CPU
		Release|Any CPU = Release|Any CPU
	EndGlobalSection
	GlobalSection(ProjectConfigurationPlatforms) = postSolution
		{2E20576F-DF38-4EFE-A471-1266F3A2A974}.Debug|Any CPU.ActiveCfg = Debug|Any CPU
		{2E20576F-DF38-4EFE-A471-1266F3A2A974}.Debug|Any CPU.Build.0 = Debug|Any CPU
		{2E20576F-DF38-4EFE-A471-1266F3A2A974}.Release|Any CPU.ActiveCfg = Release|Any CPU
		{2E20576F-DF38-4EFE-A471-1266F3A2A974}.Release|Any CPU.Build.0 = Release|Any CPU
	EndGlobalSection
	GlobalSection(SolutionProperties) = preSolution
		HideSolutionNode = FALSE
	EndGlobalSection
	GlobalSection(ExtensibilityGlobals) = postSolution
		SolutionGuid = {FC983C5D-FF47-452E-A2E4-0674DE47E540}
	EndGlobalSection
EndGlobal
