
Microsoft Visual Studio Solution File, Format Version 12.00
# Visual Studio 15
VisualStudioVersion = 15.0.28307.852
MinimumVisualStudioVersion = 10.0.40219.1
Project("{FAE04EC0-301F-11D3-BF4B-00C04F79EFBC}") = "1105이중프로그램", "1105이중프로그램\1105이중프로그램.csproj", "{C5DDA656-A92D-46D7-861D-D678A4C0448E}"
EndProject
Global
	GlobalSection(SolutionConfigurationPlatforms) = preSolution
		Debug|Any CPU = Debug|Any CPU
		Release|Any CPU = Release|Any CPU
	EndGlobalSection
	GlobalSection(ProjectConfigurationPlatforms) = postSolution
		{C5DDA656-A92D-46D7-861D-D678A4C0448E}.Debug|Any CPU.ActiveCfg = Debug|Any CPU
		{C5DDA656-A92D-46D7-861D-D678A4C0448E}.Debug|Any CPU.Build.0 = Debug|Any CPU
		{C5DDA656-A92D-46D7-861D-D678A4C0448E}.Release|Any CPU.ActiveCfg = Release|Any CPU
		{C5DDA656-A92D-46D7-861D-D678A4C0448E}.Release|Any CPU.Build.0 = Release|Any CPU
	EndGlobalSection
	GlobalSection(SolutionProperties) = preSolution
		HideSolutionNode = FALSE
	EndGlobalSection
	GlobalSection(ExtensibilityGlobals) = postSolution
		SolutionGuid = {C2198518-2FC7-4719-B04F-2945F0E07497}
	EndGlobalSection
EndGlobal
