
Microsoft Visual Studio Solution File, Format Version 12.00
# Visual Studio 15
VisualStudioVersion = 15.0.28307.705
MinimumVisualStudioVersion = 10.0.40219.1
Project("{FAE04EC0-301F-11D3-BF4B-00C04F79EFBC}") = "1002_openapi", "1002_openapi\1002_openapi.csproj", "{7BE16756-940E-4E18-A2CE-2E6880AB6E6D}"
EndProject
Global
	GlobalSection(SolutionConfigurationPlatforms) = preSolution
		Debug|Any CPU = Debug|Any CPU
		Release|Any CPU = Release|Any CPU
	EndGlobalSection
	GlobalSection(ProjectConfigurationPlatforms) = postSolution
		{7BE16756-940E-4E18-A2CE-2E6880AB6E6D}.Debug|Any CPU.ActiveCfg = Debug|Any CPU
		{7BE16756-940E-4E18-A2CE-2E6880AB6E6D}.Debug|Any CPU.Build.0 = Debug|Any CPU
		{7BE16756-940E-4E18-A2CE-2E6880AB6E6D}.Release|Any CPU.ActiveCfg = Release|Any CPU
		{7BE16756-940E-4E18-A2CE-2E6880AB6E6D}.Release|Any CPU.Build.0 = Release|Any CPU
	EndGlobalSection
	GlobalSection(SolutionProperties) = preSolution
		HideSolutionNode = FALSE
	EndGlobalSection
	GlobalSection(ExtensibilityGlobals) = postSolution
		SolutionGuid = {19A7D3B8-5C5A-4F0B-8550-DAC5A21864E9}
	EndGlobalSection
EndGlobal
