
Microsoft Visual Studio Solution File, Format Version 12.00
# Visual Studio 15
VisualStudioVersion = 15.0.28307.852
MinimumVisualStudioVersion = 10.0.40219.1
Project("{FAE04EC0-301F-11D3-BF4B-00C04F79EFBC}") = "1104example", "1104example\1104example.csproj", "{C2817A1E-70DF-4E77-81CD-01FD757CCF0D}"
EndProject
Global
	GlobalSection(SolutionConfigurationPlatforms) = preSolution
		Debug|Any CPU = Debug|Any CPU
		Release|Any CPU = Release|Any CPU
	EndGlobalSection
	GlobalSection(ProjectConfigurationPlatforms) = postSolution
		{C2817A1E-70DF-4E77-81CD-01FD757CCF0D}.Debug|Any CPU.ActiveCfg = Debug|Any CPU
		{C2817A1E-70DF-4E77-81CD-01FD757CCF0D}.Debug|Any CPU.Build.0 = Debug|Any CPU
		{C2817A1E-70DF-4E77-81CD-01FD757CCF0D}.Release|Any CPU.ActiveCfg = Release|Any CPU
		{C2817A1E-70DF-4E77-81CD-01FD757CCF0D}.Release|Any CPU.Build.0 = Release|Any CPU
	EndGlobalSection
	GlobalSection(SolutionProperties) = preSolution
		HideSolutionNode = FALSE
	EndGlobalSection
	GlobalSection(ExtensibilityGlobals) = postSolution
		SolutionGuid = {EDCAB426-8D26-4F59-AF83-499817DCC31D}
	EndGlobalSection
EndGlobal
