
Microsoft Visual Studio Solution File, Format Version 12.00
# Visual Studio 15
VisualStudioVersion = 15.0.28307.852
MinimumVisualStudioVersion = 10.0.40219.1
Project("{FAE04EC0-301F-11D3-BF4B-00C04F79EFBC}") = "1025WPF", "1025WPF\1025WPF.csproj", "{C18071D3-1327-4019-86AE-27ADB9882A2B}"
EndProject
Global
	GlobalSection(SolutionConfigurationPlatforms) = preSolution
		Debug|Any CPU = Debug|Any CPU
		Release|Any CPU = Release|Any CPU
	EndGlobalSection
	GlobalSection(ProjectConfigurationPlatforms) = postSolution
		{C18071D3-1327-4019-86AE-27ADB9882A2B}.Debug|Any CPU.ActiveCfg = Debug|Any CPU
		{C18071D3-1327-4019-86AE-27ADB9882A2B}.Debug|Any CPU.Build.0 = Debug|Any CPU
		{C18071D3-1327-4019-86AE-27ADB9882A2B}.Release|Any CPU.ActiveCfg = Release|Any CPU
		{C18071D3-1327-4019-86AE-27ADB9882A2B}.Release|Any CPU.Build.0 = Release|Any CPU
	EndGlobalSection
	GlobalSection(SolutionProperties) = preSolution
		HideSolutionNode = FALSE
	EndGlobalSection
	GlobalSection(ExtensibilityGlobals) = postSolution
		SolutionGuid = {5CB1A89A-1163-4FBC-AB31-1CCC1FB8658B}
	EndGlobalSection
EndGlobal
